
Microsoft Visual Studio Solution File, Format Version 12.00
# Visual Studio Version 17
VisualStudioVersion = 17.2.32519.379
MinimumVisualStudioVersion = 10.0.40219.1
Project("{FAE04EC0-301F-11D3-BF4B-00C04F79EFBC}") = "StaticExercise", "StaticExercise\StaticExercise.csproj", "{C999B2FD-9672-471C-9E02-F0F70262BD15}"
EndProject
Global
	GlobalSection(SolutionConfigurationPlatforms) = preSolution
		Debug|Any CPU = Debug|Any CPU
		Release|Any CPU = Release|Any CPU
	EndGlobalSection
	GlobalSection(ProjectConfigurationPlatforms) = postSolution
		{C999B2FD-9672-471C-9E02-F0F70262BD15}.Debug|Any CPU.ActiveCfg = Debug|Any CPU
		{C999B2FD-9672-471C-9E02-F0F70262BD15}.Debug|Any CPU.Build.0 = Debug|Any CPU
		{C999B2FD-9672-471C-9E02-F0F70262BD15}.Release|Any CPU.ActiveCfg = Release|Any CPU
		{C999B2FD-9672-471C-9E02-F0F70262BD15}.Release|Any CPU.Build.0 = Release|Any CPU
	EndGlobalSection
	GlobalSection(SolutionProperties) = preSolution
		HideSolutionNode = FALSE
	EndGlobalSection
	GlobalSection(ExtensibilityGlobals) = postSolution
		SolutionGuid = {9EBEBD7B-7076-46E8-8C3F-7E835DBDBEE7}
	EndGlobalSection
EndGlobal
